
Microsoft Visual Studio Solution File, Format Version 12.00
# Visual Studio Version 17
VisualStudioVersion = 17.5.2.0
MinimumVisualStudioVersion = 10.0.40219.1
Project("{FAE04EC0-301F-11D3-BF4B-00C04F79EFBC}") = "Practica_Experimental_Asignación_de_Asientos", "Practica_Experimental_Asignación_de_Asientos.csproj", "{9942736D-900E-2423-EC54-31665B44DF66}"
EndProject
Global
	GlobalSection(SolutionConfigurationPlatforms) = preSolution
		Debug|Any CPU = Debug|Any CPU
		Release|Any CPU = Release|Any CPU
	EndGlobalSection
	GlobalSection(ProjectConfigurationPlatforms) = postSolution
		{9942736D-900E-2423-EC54-31665B44DF66}.Debug|Any CPU.ActiveCfg = Debug|Any CPU
		{9942736D-900E-2423-EC54-31665B44DF66}.Debug|Any CPU.Build.0 = Debug|Any CPU
		{9942736D-900E-2423-EC54-31665B44DF66}.Release|Any CPU.ActiveCfg = Release|Any CPU
		{9942736D-900E-2423-EC54-31665B44DF66}.Release|Any CPU.Build.0 = Release|Any CPU
	EndGlobalSection
	GlobalSection(SolutionProperties) = preSolution
		HideSolutionNode = FALSE
	EndGlobalSection
	GlobalSection(ExtensibilityGlobals) = postSolution
		SolutionGuid = {77E5EBD0-27DC-4C0D-B837-D7F12E654ADB}
	EndGlobalSection
EndGlobal
